
Microsoft Visual Studio Solution File, Format Version 12.00
# Visual Studio Version 17
VisualStudioVersion = 17.12.35527.113
MinimumVisualStudioVersion = 10.0.40219.1
Project("{FAE04EC0-301F-11D3-BF4B-00C04F79EFBC}") = "pr3Snake0202", "pr3Snake0202\pr3Snake0202.csproj", "{5A5601F6-268D-4687-8530-401D4D4247E7}"
EndProject
Project("{FAE04EC0-301F-11D3-BF4B-00C04F79EFBC}") = "Commonn", "Commonn\Commonn.csproj", "{A46540F0-55A1-43CE-A427-FA721E5FF582}"
EndProject
Project("{FAE04EC0-301F-11D3-BF4B-00C04F79EFBC}") = "SnakeWPF", "SnakeWPF\SnakeWPF.csproj", "{4750A4A8-49DC-472C-AC9B-B1F22786F369}"
EndProject
Global
	GlobalSection(SolutionConfigurationPlatforms) = preSolution
		Debug|Any CPU = Debug|Any CPU
		Release|Any CPU = Release|Any CPU
	EndGlobalSection
	GlobalSection(ProjectConfigurationPlatforms) = postSolution
		{5A5601F6-268D-4687-8530-401D4D4247E7}.Debug|Any CPU.ActiveCfg = Debug|Any CPU
		{5A5601F6-268D-4687-8530-401D4D4247E7}.Debug|Any CPU.Build.0 = Debug|Any CPU
		{5A5601F6-268D-4687-8530-401D4D4247E7}.Release|Any CPU.ActiveCfg = Release|Any CPU
		{5A5601F6-268D-4687-8530-401D4D4247E7}.Release|Any CPU.Build.0 = Release|Any CPU
		{A46540F0-55A1-43CE-A427-FA721E5FF582}.Debug|Any CPU.ActiveCfg = Debug|Any CPU
		{A46540F0-55A1-43CE-A427-FA721E5FF582}.Debug|Any CPU.Build.0 = Debug|Any CPU
		{A46540F0-55A1-43CE-A427-FA721E5FF582}.Release|Any CPU.ActiveCfg = Release|Any CPU
		{A46540F0-55A1-43CE-A427-FA721E5FF582}.Release|Any CPU.Build.0 = Release|Any CPU
		{00436C8F-786B-4661-9768-919944EDA9B4}.Debug|Any CPU.ActiveCfg = Debug|Any CPU
		{00436C8F-786B-4661-9768-919944EDA9B4}.Debug|Any CPU.Build.0 = Debug|Any CPU
		{00436C8F-786B-4661-9768-919944EDA9B4}.Release|Any CPU.ActiveCfg = Release|Any CPU
		{00436C8F-786B-4661-9768-919944EDA9B4}.Release|Any CPU.Build.0 = Release|Any CPU
		{4750A4A8-49DC-472C-AC9B-B1F22786F369}.Debug|Any CPU.ActiveCfg = Debug|Any CPU
		{4750A4A8-49DC-472C-AC9B-B1F22786F369}.Debug|Any CPU.Build.0 = Debug|Any CPU
		{4750A4A8-49DC-472C-AC9B-B1F22786F369}.Release|Any CPU.ActiveCfg = Release|Any CPU
		{4750A4A8-49DC-472C-AC9B-B1F22786F369}.Release|Any CPU.Build.0 = Release|Any CPU
	EndGlobalSection
	GlobalSection(SolutionProperties) = preSolution
		HideSolutionNode = FALSE
	EndGlobalSection
EndGlobal
